
Microsoft Visual Studio Solution File, Format Version 12.00
# Visual Studio Version 17
VisualStudioVersion = 17.0.31903.59
MinimumVisualStudioVersion = 10.0.40219.1
Project("{2150E333-8FDC-42A3-9474-1A3956D46DE8}") = "src", "src", "{827E0CD3-B72D-47B6-A68D-7590B98EB39B}"
EndProject
Project("{2150E333-8FDC-42A3-9474-1A3956D46DE8}") = "Stock", "Stock", "{E0BCE815-DFA5-5ECD-8D26-DC61EFB70626}"
EndProject
Project("{FAE04EC0-301F-11D3-BF4B-00C04F79EFBC}") = "Stock.API", "src\Stock\Stock.API\Stock.API.csproj", "{EEE8F3A1-FB31-4C7C-868C-AFAB5043F8F0}"
EndProject
Project("{FAE04EC0-301F-11D3-BF4B-00C04F79EFBC}") = "Stock.Application", "src\Stock\Stock.Application\Stock.Application.csproj", "{4F4EE355-329C-4D67-94CE-42FC1C8E4665}"
EndProject
Project("{FAE04EC0-301F-11D3-BF4B-00C04F79EFBC}") = "Stock.Domain", "src\Stock\Stock.Domain\Stock.Domain.csproj", "{C49DBC77-9D4C-46C4-8EBB-83BEE46F73DB}"
EndProject
Project("{FAE04EC0-301F-11D3-BF4B-00C04F79EFBC}") = "Stock.Infrastructure", "src\Stock\Stock.Infrastructure\Stock.Infrastructure.csproj", "{9EA327EF-438C-4F4B-858B-021DF3AD57FA}"
EndProject
Project("{FAE04EC0-301F-11D3-BF4B-00C04F79EFBC}") = "Sales.API", "src\Sales\Sales.API\Sales.API.csproj", "{E406151F-D9C2-44C4-8CDA-43DF42A0D946}"
EndProject
Project("{FAE04EC0-301F-11D3-BF4B-00C04F79EFBC}") = "Sales.Application", "src\Sales\Sales.Application\Sales.Application.csproj", "{A6C0F635-D146-4980-AE44-2E2167E996AF}"
EndProject
Project("{FAE04EC0-301F-11D3-BF4B-00C04F79EFBC}") = "Sales.Domain", "src\Sales\Sales.Domain\Sales.Domain.csproj", "{F26909C7-6948-4E35-958E-F0E777ECCCAA}"
EndProject
Project("{FAE04EC0-301F-11D3-BF4B-00C04F79EFBC}") = "Sales.Infrastructure", "src\Sales\Sales.Infrastructure\Sales.Infrastructure.csproj", "{5890BEAA-17D2-470A-838B-C02FA8B188E9}"
EndProject
Project("{FAE04EC0-301F-11D3-BF4B-00C04F79EFBC}") = "ApiGateway", "src\ApiGateway\ApiGateway\ApiGateway.csproj", "{AAD76859-71CD-4C66-B2D9-9E1D83814E77}"
EndProject
Project("{FAE04EC0-301F-11D3-BF4B-00C04F79EFBC}") = "Stock.Tests.Unit", "tests\Stock\Stock.Tests.Unit\Stock.Tests.Unit.csproj", "{012C2BB5-8B54-42BD-863F-1D319BD26E20}"
EndProject
Project("{FAE04EC0-301F-11D3-BF4B-00C04F79EFBC}") = "Stock.Tests.Integration", "tests\Stock\Stock.Tests.Integration\Stock.Tests.Integration.csproj", "{214A295A-94DD-413D-B879-8158D2498681}"
EndProject
Project("{FAE04EC0-301F-11D3-BF4B-00C04F79EFBC}") = "Sales.Tests.Unit", "tests\Sales\Sales.Tests.Unit\Sales.Tests.Unit.csproj", "{701BD5E8-037E-427E-B6AE-F3AAD8EF38F9}"
EndProject
Project("{FAE04EC0-301F-11D3-BF4B-00C04F79EFBC}") = "Sales.Tests.Integration", "tests\Sales\Sales.Tests.Integration\Sales.Tests.Integration.csproj", "{15424BC1-A07E-452A-8AE9-1D41D40FA5D1}"
EndProject
Global
	GlobalSection(SolutionConfigurationPlatforms) = preSolution
		Debug|Any CPU = Debug|Any CPU
		Debug|x64 = Debug|x64
		Debug|x86 = Debug|x86
		Release|Any CPU = Release|Any CPU
		Release|x64 = Release|x64
		Release|x86 = Release|x86
	EndGlobalSection
	GlobalSection(ProjectConfigurationPlatforms) = postSolution
		{EEE8F3A1-FB31-4C7C-868C-AFAB5043F8F0}.Debug|Any CPU.ActiveCfg = Debug|Any CPU
		{EEE8F3A1-FB31-4C7C-868C-AFAB5043F8F0}.Debug|Any CPU.Build.0 = Debug|Any CPU
		{EEE8F3A1-FB31-4C7C-868C-AFAB5043F8F0}.Debug|x64.ActiveCfg = Debug|Any CPU
		{EEE8F3A1-FB31-4C7C-868C-AFAB5043F8F0}.Debug|x64.Build.0 = Debug|Any CPU
		{EEE8F3A1-FB31-4C7C-868C-AFAB5043F8F0}.Debug|x86.ActiveCfg = Debug|Any CPU
		{EEE8F3A1-FB31-4C7C-868C-AFAB5043F8F0}.Debug|x86.Build.0 = Debug|Any CPU
		{EEE8F3A1-FB31-4C7C-868C-AFAB5043F8F0}.Release|Any CPU.ActiveCfg = Release|Any CPU
		{EEE8F3A1-FB31-4C7C-868C-AFAB5043F8F0}.Release|Any CPU.Build.0 = Release|Any CPU
		{EEE8F3A1-FB31-4C7C-868C-AFAB5043F8F0}.Release|x64.ActiveCfg = Release|Any CPU
		{EEE8F3A1-FB31-4C7C-868C-AFAB5043F8F0}.Release|x64.Build.0 = Release|Any CPU
		{EEE8F3A1-FB31-4C7C-868C-AFAB5043F8F0}.Release|x86.ActiveCfg = Release|Any CPU
		{EEE8F3A1-FB31-4C7C-868C-AFAB5043F8F0}.Release|x86.Build.0 = Release|Any CPU
		{4F4EE355-329C-4D67-94CE-42FC1C8E4665}.Debug|Any CPU.ActiveCfg = Debug|Any CPU
		{4F4EE355-329C-4D67-94CE-42FC1C8E4665}.Debug|Any CPU.Build.0 = Debug|Any CPU
		{4F4EE355-329C-4D67-94CE-42FC1C8E4665}.Debug|x64.ActiveCfg = Debug|Any CPU
		{4F4EE355-329C-4D67-94CE-42FC1C8E4665}.Debug|x64.Build.0 = Debug|Any CPU
		{4F4EE355-329C-4D67-94CE-42FC1C8E4665}.Debug|x86.ActiveCfg = Debug|Any CPU
		{4F4EE355-329C-4D67-94CE-42FC1C8E4665}.Debug|x86.Build.0 = Debug|Any CPU
		{4F4EE355-329C-4D67-94CE-42FC1C8E4665}.Release|Any CPU.ActiveCfg = Release|Any CPU
		{4F4EE355-329C-4D67-94CE-42FC1C8E4665}.Release|Any CPU.Build.0 = Release|Any CPU
		{4F4EE355-329C-4D67-94CE-42FC1C8E4665}.Release|x64.ActiveCfg = Release|Any CPU
		{4F4EE355-329C-4D67-94CE-42FC1C8E4665}.Release|x64.Build.0 = Release|Any CPU
		{4F4EE355-329C-4D67-94CE-42FC1C8E4665}.Release|x86.ActiveCfg = Release|Any CPU
		{4F4EE355-329C-4D67-94CE-42FC1C8E4665}.Release|x86.Build.0 = Release|Any CPU
		{C49DBC77-9D4C-46C4-8EBB-83BEE46F73DB}.Debug|Any CPU.ActiveCfg = Debug|Any CPU
		{C49DBC77-9D4C-46C4-8EBB-83BEE46F73DB}.Debug|Any CPU.Build.0 = Debug|Any CPU
		{C49DBC77-9D4C-46C4-8EBB-83BEE46F73DB}.Debug|x64.ActiveCfg = Debug|Any CPU
		{C49DBC77-9D4C-46C4-8EBB-83BEE46F73DB}.Debug|x64.Build.0 = Debug|Any CPU
		{C49DBC77-9D4C-46C4-8EBB-83BEE46F73DB}.Debug|x86.ActiveCfg = Debug|Any CPU
		{C49DBC77-9D4C-46C4-8EBB-83BEE46F73DB}.Debug|x86.Build.0 = Debug|Any CPU
		{C49DBC77-9D4C-46C4-8EBB-83BEE46F73DB}.Release|Any CPU.ActiveCfg = Release|Any CPU
		{C49DBC77-9D4C-46C4-8EBB-83BEE46F73DB}.Release|Any CPU.Build.0 = Release|Any CPU
		{C49DBC77-9D4C-46C4-8EBB-83BEE46F73DB}.Release|x64.ActiveCfg = Release|Any CPU
		{C49DBC77-9D4C-46C4-8EBB-83BEE46F73DB}.Release|x64.Build.0 = Release|Any CPU
		{C49DBC77-9D4C-46C4-8EBB-83BEE46F73DB}.Release|x86.ActiveCfg = Release|Any CPU
		{C49DBC77-9D4C-46C4-8EBB-83BEE46F73DB}.Release|x86.Build.0 = Release|Any CPU
		{9EA327EF-438C-4F4B-858B-021DF3AD57FA}.Debug|Any CPU.ActiveCfg = Debug|Any CPU
		{9EA327EF-438C-4F4B-858B-021DF3AD57FA}.Debug|Any CPU.Build.0 = Debug|Any CPU
		{9EA327EF-438C-4F4B-858B-021DF3AD57FA}.Debug|x64.ActiveCfg = Debug|Any CPU
		{9EA327EF-438C-4F4B-858B-021DF3AD57FA}.Debug|x64.Build.0 = Debug|Any CPU
		{9EA327EF-438C-4F4B-858B-021DF3AD57FA}.Debug|x86.ActiveCfg = Debug|Any CPU
		{9EA327EF-438C-4F4B-858B-021DF3AD57FA}.Debug|x86.Build.0 = Debug|Any CPU
		{9EA327EF-438C-4F4B-858B-021DF3AD57FA}.Release|Any CPU.ActiveCfg = Release|Any CPU
		{9EA327EF-438C-4F4B-858B-021DF3AD57FA}.Release|Any CPU.Build.0 = Release|Any CPU
		{9EA327EF-438C-4F4B-858B-021DF3AD57FA}.Release|x64.ActiveCfg = Release|Any CPU
		{9EA327EF-438C-4F4B-858B-021DF3AD57FA}.Release|x64.Build.0 = Release|Any CPU
		{9EA327EF-438C-4F4B-858B-021DF3AD57FA}.Release|x86.ActiveCfg = Release|Any CPU
		{9EA327EF-438C-4F4B-858B-021DF3AD57FA}.Release|x86.Build.0 = Release|Any CPU
		{E406151F-D9C2-44C4-8CDA-43DF42A0D946}.Debug|Any CPU.ActiveCfg = Debug|Any CPU
		{E406151F-D9C2-44C4-8CDA-43DF42A0D946}.Debug|Any CPU.Build.0 = Debug|Any CPU
		{E406151F-D9C2-44C4-8CDA-43DF42A0D946}.Debug|x64.ActiveCfg = Debug|Any CPU
		{E406151F-D9C2-44C4-8CDA-43DF42A0D946}.Debug|x64.Build.0 = Debug|Any CPU
		{E406151F-D9C2-44C4-8CDA-43DF42A0D946}.Debug|x86.ActiveCfg = Debug|Any CPU
		{E406151F-D9C2-44C4-8CDA-43DF42A0D946}.Debug|x86.Build.0 = Debug|Any CPU
		{E406151F-D9C2-44C4-8CDA-43DF42A0D946}.Release|Any CPU.ActiveCfg = Release|Any CPU
		{E406151F-D9C2-44C4-8CDA-43DF42A0D946}.Release|Any CPU.Build.0 = Release|Any CPU
		{E406151F-D9C2-44C4-8CDA-43DF42A0D946}.Release|x64.ActiveCfg = Release|Any CPU
		{E406151F-D9C2-44C4-8CDA-43DF42A0D946}.Release|x64.Build.0 = Release|Any CPU
		{E406151F-D9C2-44C4-8CDA-43DF42A0D946}.Release|x86.ActiveCfg = Release|Any CPU
		{E406151F-D9C2-44C4-8CDA-43DF42A0D946}.Release|x86.Build.0 = Release|Any CPU
		{A6C0F635-D146-4980-AE44-2E2167E996AF}.Debug|Any CPU.ActiveCfg = Debug|Any CPU
		{A6C0F635-D146-4980-AE44-2E2167E996AF}.Debug|Any CPU.Build.0 = Debug|Any CPU
		{A6C0F635-D146-4980-AE44-2E2167E996AF}.Debug|x64.ActiveCfg = Debug|Any CPU
		{A6C0F635-D146-4980-AE44-2E2167E996AF}.Debug|x64.Build.0 = Debug|Any CPU
		{A6C0F635-D146-4980-AE44-2E2167E996AF}.Debug|x86.ActiveCfg = Debug|Any CPU
		{A6C0F635-D146-4980-AE44-2E2167E996AF}.Debug|x86.Build.0 = Debug|Any CPU
		{A6C0F635-D146-4980-AE44-2E2167E996AF}.Release|Any CPU.ActiveCfg = Release|Any CPU
		{A6C0F635-D146-4980-AE44-2E2167E996AF}.Release|Any CPU.Build.0 = Release|Any CPU
		{A6C0F635-D146-4980-AE44-2E2167E996AF}.Release|x64.ActiveCfg = Release|Any CPU
		{A6C0F635-D146-4980-AE44-2E2167E996AF}.Release|x64.Build.0 = Release|Any CPU
		{A6C0F635-D146-4980-AE44-2E2167E996AF}.Release|x86.ActiveCfg = Release|Any CPU
		{A6C0F635-D146-4980-AE44-2E2167E996AF}.Release|x86.Build.0 = Release|Any CPU
		{F26909C7-6948-4E35-958E-F0E777ECCCAA}.Debug|Any CPU.ActiveCfg = Debug|Any CPU
		{F26909C7-6948-4E35-958E-F0E777ECCCAA}.Debug|Any CPU.Build.0 = Debug|Any CPU
		{F26909C7-6948-4E35-958E-F0E777ECCCAA}.Debug|x64.ActiveCfg = Debug|Any CPU
		{F26909C7-6948-4E35-958E-F0E777ECCCAA}.Debug|x64.Build.0 = Debug|Any CPU
		{F26909C7-6948-4E35-958E-F0E777ECCCAA}.Debug|x86.ActiveCfg = Debug|Any CPU
		{F26909C7-6948-4E35-958E-F0E777ECCCAA}.Debug|x86.Build.0 = Debug|Any CPU
		{F26909C7-6948-4E35-958E-F0E777ECCCAA}.Release|Any CPU.ActiveCfg = Release|Any CPU
		{F26909C7-6948-4E35-958E-F0E777ECCCAA}.Release|Any CPU.Build.0 = Release|Any CPU
		{F26909C7-6948-4E35-958E-F0E777ECCCAA}.Release|x64.ActiveCfg = Release|Any CPU
		{F26909C7-6948-4E35-958E-F0E777ECCCAA}.Release|x64.Build.0 = Release|Any CPU
		{F26909C7-6948-4E35-958E-F0E777ECCCAA}.Release|x86.ActiveCfg = Release|Any CPU
		{F26909C7-6948-4E35-958E-F0E777ECCCAA}.Release|x86.Build.0 = Release|Any CPU
		{5890BEAA-17D2-470A-838B-C02FA8B188E9}.Debug|Any CPU.ActiveCfg = Debug|Any CPU
		{5890BEAA-17D2-470A-838B-C02FA8B188E9}.Debug|Any CPU.Build.0 = Debug|Any CPU
		{5890BEAA-17D2-470A-838B-C02FA8B188E9}.Debug|x64.ActiveCfg = Debug|Any CPU
		{5890BEAA-17D2-470A-838B-C02FA8B188E9}.Debug|x64.Build.0 = Debug|Any CPU
		{5890BEAA-17D2-470A-838B-C02FA8B188E9}.Debug|x86.ActiveCfg = Debug|Any CPU
		{5890BEAA-17D2-470A-838B-C02FA8B188E9}.Debug|x86.Build.0 = Debug|Any CPU
		{5890BEAA-17D2-470A-838B-C02FA8B188E9}.Release|Any CPU.ActiveCfg = Release|Any CPU
		{5890BEAA-17D2-470A-838B-C02FA8B188E9}.Release|Any CPU.Build.0 = Release|Any CPU
		{5890BEAA-17D2-470A-838B-C02FA8B188E9}.Release|x64.ActiveCfg = Release|Any CPU
		{5890BEAA-17D2-470A-838B-C02FA8B188E9}.Release|x64.Build.0 = Release|Any CPU
		{5890BEAA-17D2-470A-838B-C02FA8B188E9}.Release|x86.ActiveCfg = Release|Any CPU
		{5890BEAA-17D2-470A-838B-C02FA8B188E9}.Release|x86.Build.0 = Release|Any CPU
		{AAD76859-71CD-4C66-B2D9-9E1D83814E77}.Debug|Any CPU.ActiveCfg = Debug|Any CPU
		{AAD76859-71CD-4C66-B2D9-9E1D83814E77}.Debug|Any CPU.Build.0 = Debug|Any CPU
		{AAD76859-71CD-4C66-B2D9-9E1D83814E77}.Debug|x64.ActiveCfg = Debug|Any CPU
		{AAD76859-71CD-4C66-B2D9-9E1D83814E77}.Debug|x64.Build.0 = Debug|Any CPU
		{AAD76859-71CD-4C66-B2D9-9E1D83814E77}.Debug|x86.ActiveCfg = Debug|Any CPU
		{AAD76859-71CD-4C66-B2D9-9E1D83814E77}.Debug|x86.Build.0 = Debug|Any CPU
		{AAD76859-71CD-4C66-B2D9-9E1D83814E77}.Release|Any CPU.ActiveCfg = Release|Any CPU
		{AAD76859-71CD-4C66-B2D9-9E1D83814E77}.Release|Any CPU.Build.0 = Release|Any CPU
		{AAD76859-71CD-4C66-B2D9-9E1D83814E77}.Release|x64.ActiveCfg = Release|Any CPU
		{AAD76859-71CD-4C66-B2D9-9E1D83814E77}.Release|x64.Build.0 = Release|Any CPU
		{AAD76859-71CD-4C66-B2D9-9E1D83814E77}.Release|x86.ActiveCfg = Release|Any CPU
		{AAD76859-71CD-4C66-B2D9-9E1D83814E77}.Release|x86.Build.0 = Release|Any CPU
		{012C2BB5-8B54-42BD-863F-1D319BD26E20}.Debug|Any CPU.ActiveCfg = Debug|Any CPU
		{012C2BB5-8B54-42BD-863F-1D319BD26E20}.Debug|Any CPU.Build.0 = Debug|Any CPU
		{012C2BB5-8B54-42BD-863F-1D319BD26E20}.Debug|x64.ActiveCfg = Debug|Any CPU
		{012C2BB5-8B54-42BD-863F-1D319BD26E20}.Debug|x64.Build.0 = Debug|Any CPU
		{012C2BB5-8B54-42BD-863F-1D319BD26E20}.Debug|x86.ActiveCfg = Debug|Any CPU
		{012C2BB5-8B54-42BD-863F-1D319BD26E20}.Debug|x86.Build.0 = Debug|Any CPU
		{012C2BB5-8B54-42BD-863F-1D319BD26E20}.Release|Any CPU.ActiveCfg = Release|Any CPU
		{012C2BB5-8B54-42BD-863F-1D319BD26E20}.Release|Any CPU.Build.0 = Release|Any CPU
		{012C2BB5-8B54-42BD-863F-1D319BD26E20}.Release|x64.ActiveCfg = Release|Any CPU
		{012C2BB5-8B54-42BD-863F-1D319BD26E20}.Release|x64.Build.0 = Release|Any CPU
		{012C2BB5-8B54-42BD-863F-1D319BD26E20}.Release|x86.ActiveCfg = Release|Any CPU
		{012C2BB5-8B54-42BD-863F-1D319BD26E20}.Release|x86.Build.0 = Release|Any CPU
		{214A295A-94DD-413D-B879-8158D2498681}.Debug|Any CPU.ActiveCfg = Debug|Any CPU
		{214A295A-94DD-413D-B879-8158D2498681}.Debug|Any CPU.Build.0 = Debug|Any CPU
		{214A295A-94DD-413D-B879-8158D2498681}.Debug|x64.ActiveCfg = Debug|Any CPU
		{214A295A-94DD-413D-B879-8158D2498681}.Debug|x64.Build.0 = Debug|Any CPU
		{214A295A-94DD-413D-B879-8158D2498681}.Debug|x86.ActiveCfg = Debug|Any CPU
		{214A295A-94DD-413D-B879-8158D2498681}.Debug|x86.Build.0 = Debug|Any CPU
		{214A295A-94DD-413D-B879-8158D2498681}.Release|Any CPU.ActiveCfg = Release|Any CPU
		{214A295A-94DD-413D-B879-8158D2498681}.Release|Any CPU.Build.0 = Release|Any CPU
		{214A295A-94DD-413D-B879-8158D2498681}.Release|x64.ActiveCfg = Release|Any CPU
		{214A295A-94DD-413D-B879-8158D2498681}.Release|x64.Build.0 = Release|Any CPU
		{214A295A-94DD-413D-B879-8158D2498681}.Release|x86.ActiveCfg = Release|Any CPU
		{214A295A-94DD-413D-B879-8158D2498681}.Release|x86.Build.0 = Release|Any CPU
		{701BD5E8-037E-427E-B6AE-F3AAD8EF38F9}.Debug|Any CPU.ActiveCfg = Debug|Any CPU
		{701BD5E8-037E-427E-B6AE-F3AAD8EF38F9}.Debug|Any CPU.Build.0 = Debug|Any CPU
		{701BD5E8-037E-427E-B6AE-F3AAD8EF38F9}.Debug|x64.ActiveCfg = Debug|Any CPU
		{701BD5E8-037E-427E-B6AE-F3AAD8EF38F9}.Debug|x64.Build.0 = Debug|Any CPU
		{701BD5E8-037E-427E-B6AE-F3AAD8EF38F9}.Debug|x86.ActiveCfg = Debug|Any CPU
		{701BD5E8-037E-427E-B6AE-F3AAD8EF38F9}.Debug|x86.Build.0 = Debug|Any CPU
		{701BD5E8-037E-427E-B6AE-F3AAD8EF38F9}.Release|Any CPU.ActiveCfg = Release|Any CPU
		{701BD5E8-037E-427E-B6AE-F3AAD8EF38F9}.Release|Any CPU.Build.0 = Release|Any CPU
		{701BD5E8-037E-427E-B6AE-F3AAD8EF38F9}.Release|x64.ActiveCfg = Release|Any CPU
		{701BD5E8-037E-427E-B6AE-F3AAD8EF38F9}.Release|x64.Build.0 = Release|Any CPU
		{701BD5E8-037E-427E-B6AE-F3AAD8EF38F9}.Release|x86.ActiveCfg = Release|Any CPU
		{701BD5E8-037E-427E-B6AE-F3AAD8EF38F9}.Release|x86.Build.0 = Release|Any CPU
		{15424BC1-A07E-452A-8AE9-1D41D40FA5D1}.Debug|Any CPU.ActiveCfg = Debug|Any CPU
		{15424BC1-A07E-452A-8AE9-1D41D40FA5D1}.Debug|Any CPU.Build.0 = Debug|Any CPU
		{15424BC1-A07E-452A-8AE9-1D41D40FA5D1}.Debug|x64.ActiveCfg = Debug|Any CPU
		{15424BC1-A07E-452A-8AE9-1D41D40FA5D1}.Debug|x64.Build.0 = Debug|Any CPU
		{15424BC1-A07E-452A-8AE9-1D41D40FA5D1}.Debug|x86.ActiveCfg = Debug|Any CPU
		{15424BC1-A07E-452A-8AE9-1D41D40FA5D1}.Debug|x86.Build.0 = Debug|Any CPU
		{15424BC1-A07E-452A-8AE9-1D41D40FA5D1}.Release|Any CPU.ActiveCfg = Release|Any CPU
		{15424BC1-A07E-452A-8AE9-1D41D40FA5D1}.Release|Any CPU.Build.0 = Release|Any CPU
		{15424BC1-A07E-452A-8AE9-1D41D40FA5D1}.Release|x64.ActiveCfg = Release|Any CPU
		{15424BC1-A07E-452A-8AE9-1D41D40FA5D1}.Release|x64.Build.0 = Release|Any CPU
		{15424BC1-A07E-452A-8AE9-1D41D40FA5D1}.Release|x86.ActiveCfg = Release|Any CPU
		{15424BC1-A07E-452A-8AE9-1D41D40FA5D1}.Release|x86.Build.0 = Release|Any CPU
	EndGlobalSection
	GlobalSection(SolutionProperties) = preSolution
		HideSolutionNode = FALSE
	EndGlobalSection
	GlobalSection(NestedProjects) = preSolution
		{E0BCE815-DFA5-5ECD-8D26-DC61EFB70626} = {827E0CD3-B72D-47B6-A68D-7590B98EB39B}
		{EEE8F3A1-FB31-4C7C-868C-AFAB5043F8F0} = {E0BCE815-DFA5-5ECD-8D26-DC61EFB70626}
		{4F4EE355-329C-4D67-94CE-42FC1C8E4665} = {E0BCE815-DFA5-5ECD-8D26-DC61EFB70626}
		{C49DBC77-9D4C-46C4-8EBB-83BEE46F73DB} = {E0BCE815-DFA5-5ECD-8D26-DC61EFB70626}
		{9EA327EF-438C-4F4B-858B-021DF3AD57FA} = {E0BCE815-DFA5-5ECD-8D26-DC61EFB70626}
		{E406151F-D9C2-44C4-8CDA-43DF42A0D946} = {E0BCE815-DFA5-5ECD-8D26-DC61EFB70626}
		{A6C0F635-D146-4980-AE44-2E2167E996AF} = {E0BCE815-DFA5-5ECD-8D26-DC61EFB70626}
		{F26909C7-6948-4E35-958E-F0E777ECCCAA} = {E0BCE815-DFA5-5ECD-8D26-DC61EFB70626}
		{5890BEAA-17D2-470A-838B-C02FA8B188E9} = {E0BCE815-DFA5-5ECD-8D26-DC61EFB70626}
		{AAD76859-71CD-4C66-B2D9-9E1D83814E77} = {E0BCE815-DFA5-5ECD-8D26-DC61EFB70626}
		{012C2BB5-8B54-42BD-863F-1D319BD26E20} = {E0BCE815-DFA5-5ECD-8D26-DC61EFB70626}
		{214A295A-94DD-413D-B879-8158D2498681} = {E0BCE815-DFA5-5ECD-8D26-DC61EFB70626}
		{701BD5E8-037E-427E-B6AE-F3AAD8EF38F9} = {E0BCE815-DFA5-5ECD-8D26-DC61EFB70626}
		{15424BC1-A07E-452A-8AE9-1D41D40FA5D1} = {E0BCE815-DFA5-5ECD-8D26-DC61EFB70626}
	EndGlobalSection
EndGlobal
